
Microsoft Visual Studio Solution File, Format Version 12.00
# Visual Studio Version 17
VisualStudioVersion = 17.11.35208.52
MinimumVisualStudioVersion = 10.0.40219.1
Project("{FAE04EC0-301F-11D3-BF4B-00C04F79EFBC}") = "Client", "Client.csproj", "{9074A828-0E12-4CF7-9C4E-E5CC1AEF611C}"
EndProject
Global
	GlobalSection(SolutionConfigurationPlatforms) = preSolution
		Debug|Any CPU = Debug|Any CPU
		Release|Any CPU = Release|Any CPU
	EndGlobalSection
	GlobalSection(ProjectConfigurationPlatforms) = postSolution
		{9074A828-0E12-4CF7-9C4E-E5CC1AEF611C}.Debug|Any CPU.ActiveCfg = Debug|Any CPU
		{9074A828-0E12-4CF7-9C4E-E5CC1AEF611C}.Debug|Any CPU.Build.0 = Debug|Any CPU
		{9074A828-0E12-4CF7-9C4E-E5CC1AEF611C}.Release|Any CPU.ActiveCfg = Release|Any CPU
		{9074A828-0E12-4CF7-9C4E-E5CC1AEF611C}.Release|Any CPU.Build.0 = Release|Any CPU
	EndGlobalSection
	GlobalSection(SolutionProperties) = preSolution
		HideSolutionNode = FALSE
	EndGlobalSection
	GlobalSection(ExtensibilityGlobals) = postSolution
		SolutionGuid = {EA7F4ECC-CA93-492E-A0C3-EE0E9ED64BC5}
	EndGlobalSection
EndGlobal
